
Microsoft Visual Studio Solution File, Format Version 12.00
# Visual Studio Version 17
VisualStudioVersion = 17.13.35818.85 d17.13
MinimumVisualStudioVersion = 10.0.40219.1
Project("{FAE04EC0-301F-11D3-BF4B-00C04F79EFBC}") = "CaminosMinimosGrafos", "CaminosMinimosGrafos.csproj", "{F814A958-1DE7-4530-913E-D21592E46159}"
EndProject
Global
	GlobalSection(SolutionConfigurationPlatforms) = preSolution
		Debug|Any CPU = Debug|Any CPU
		Release|Any CPU = Release|Any CPU
	EndGlobalSection
	GlobalSection(ProjectConfigurationPlatforms) = postSolution
		{F814A958-1DE7-4530-913E-D21592E46159}.Debug|Any CPU.ActiveCfg = Debug|Any CPU
		{F814A958-1DE7-4530-913E-D21592E46159}.Debug|Any CPU.Build.0 = Debug|Any CPU
		{F814A958-1DE7-4530-913E-D21592E46159}.Release|Any CPU.ActiveCfg = Release|Any CPU
		{F814A958-1DE7-4530-913E-D21592E46159}.Release|Any CPU.Build.0 = Release|Any CPU
	EndGlobalSection
	GlobalSection(SolutionProperties) = preSolution
		HideSolutionNode = FALSE
	EndGlobalSection
	GlobalSection(ExtensibilityGlobals) = postSolution
		SolutionGuid = {CD9005A6-033A-420F-8A90-5EC82F1822D4}
	EndGlobalSection
EndGlobal
